{
  "name": "os-angular",
  "version": "0.0.1",
  "lockfileVersion": 1,
  "requires": true,
  "dependencies": {
    "tslib": {
      "version": "1.13.0",
      "resolved": "https://registry.npmjs.org/tslib/-/tslib-1.13.0.tgz",
      "integrity": "sha512-i/6DQjL8Xf3be4K/E6Wgpekn5Qasl1usyw++dAA35Ue5orEn65VIxOA+YvNNl9HV3qv70T7CNwjODHZrLwvd1Q=="
    },
    "xp.css": {
      "version": "0.2.3",
      "resolved": "https://registry.npmjs.org/xp.css/-/xp.css-0.2.3.tgz",
      "integrity": "sha512-uKPuJNvv8cvGp0YFhNie/iE+/3BlB9OjCCvVd+EdWcm8XaBN3FBzTftUdiSGzKWLPRIb3/2efSDsmUTs+0SNiA=="
    }
  }
}
